
Microsoft Visual Studio Solution File, Format Version 12.00
# Visual Studio Version 16
VisualStudioVersion = 16.0.30114.105
MinimumVisualStudioVersion = 10.0.40219.1
Project("{2150E333-8FDC-42A3-9474-1A3956D46DE8}") = "Algorithms", "Algorithms", "{C4DEC664-5C44-41BB-BA7A-454BBC40800D}"
EndProject
Project("{FAE04EC0-301F-11D3-BF4B-00C04F79EFBC}") = "Algorithms", "Algorithms\Algorithms\Algorithms.csproj", "{E9675AB3-4C1F-41B0-A5CA-0FCAD7ECF2D2}"
EndProject
Project("{2150E333-8FDC-42A3-9474-1A3956D46DE8}") = "DataStructures", "DataStructures", "{9B39D192-8C0D-46A7-B41F-8751A18A0ECF}"
EndProject
Project("{FAE04EC0-301F-11D3-BF4B-00C04F79EFBC}") = "SearchTrees", "DataStructures\SearchTrees\SearchTrees.csproj", "{1E70C42E-EDFA-44BD-B1AA-34157CF967D6}"
EndProject
Project("{FAE04EC0-301F-11D3-BF4B-00C04F79EFBC}") = "Trees", "DataStructures\Trees\Trees.csproj", "{D6C44DCD-399F-48BC-B81A-85EC1A071EB5}"
EndProject
Project("{2150E333-8FDC-42A3-9474-1A3956D46DE8}") = "Tests", "Tests", "{AE07FC1A-F1F4-4C52-9655-2DFFDCD2A37C}"
EndProject
Project("{FAE04EC0-301F-11D3-BF4B-00C04F79EFBC}") = "Algorithms.Tests", "Tests\Algorithms.Tests\Algorithms.Tests.csproj", "{9A77BCDD-3A15-450E-86EC-68833CAB21AC}"
EndProject
Project("{FAE04EC0-301F-11D3-BF4B-00C04F79EFBC}") = "DataStructures.Tests", "Tests\DataStructures.Tests\DataStructures.Tests.csproj", "{C7950946-2970-4B60-B8A2-F46AE353D332}"
EndProject
Project("{FAE04EC0-301F-11D3-BF4B-00C04F79EFBC}") = "Sorting", "Algorithms\Sorting\Sorting.csproj", "{ADC1E6EA-293D-494A-AFFC-3F7974C22875}"
EndProject
Global
	GlobalSection(SolutionConfigurationPlatforms) = preSolution
		Debug|Any CPU = Debug|Any CPU
		Release|Any CPU = Release|Any CPU
	EndGlobalSection
	GlobalSection(SolutionProperties) = preSolution
		HideSolutionNode = FALSE
	EndGlobalSection
	GlobalSection(ProjectConfigurationPlatforms) = postSolution
		{E9675AB3-4C1F-41B0-A5CA-0FCAD7ECF2D2}.Debug|Any CPU.ActiveCfg = Debug|Any CPU
		{E9675AB3-4C1F-41B0-A5CA-0FCAD7ECF2D2}.Debug|Any CPU.Build.0 = Debug|Any CPU
		{E9675AB3-4C1F-41B0-A5CA-0FCAD7ECF2D2}.Release|Any CPU.ActiveCfg = Release|Any CPU
		{E9675AB3-4C1F-41B0-A5CA-0FCAD7ECF2D2}.Release|Any CPU.Build.0 = Release|Any CPU
		{1E70C42E-EDFA-44BD-B1AA-34157CF967D6}.Debug|Any CPU.ActiveCfg = Debug|Any CPU
		{1E70C42E-EDFA-44BD-B1AA-34157CF967D6}.Debug|Any CPU.Build.0 = Debug|Any CPU
		{1E70C42E-EDFA-44BD-B1AA-34157CF967D6}.Release|Any CPU.ActiveCfg = Release|Any CPU
		{1E70C42E-EDFA-44BD-B1AA-34157CF967D6}.Release|Any CPU.Build.0 = Release|Any CPU
		{D6C44DCD-399F-48BC-B81A-85EC1A071EB5}.Debug|Any CPU.ActiveCfg = Debug|Any CPU
		{D6C44DCD-399F-48BC-B81A-85EC1A071EB5}.Debug|Any CPU.Build.0 = Debug|Any CPU
		{D6C44DCD-399F-48BC-B81A-85EC1A071EB5}.Release|Any CPU.ActiveCfg = Release|Any CPU
		{D6C44DCD-399F-48BC-B81A-85EC1A071EB5}.Release|Any CPU.Build.0 = Release|Any CPU
		{9A77BCDD-3A15-450E-86EC-68833CAB21AC}.Debug|Any CPU.ActiveCfg = Debug|Any CPU
		{9A77BCDD-3A15-450E-86EC-68833CAB21AC}.Debug|Any CPU.Build.0 = Debug|Any CPU
		{9A77BCDD-3A15-450E-86EC-68833CAB21AC}.Release|Any CPU.ActiveCfg = Release|Any CPU
		{9A77BCDD-3A15-450E-86EC-68833CAB21AC}.Release|Any CPU.Build.0 = Release|Any CPU
		{C7950946-2970-4B60-B8A2-F46AE353D332}.Debug|Any CPU.ActiveCfg = Debug|Any CPU
		{C7950946-2970-4B60-B8A2-F46AE353D332}.Debug|Any CPU.Build.0 = Debug|Any CPU
		{C7950946-2970-4B60-B8A2-F46AE353D332}.Release|Any CPU.ActiveCfg = Release|Any CPU
		{C7950946-2970-4B60-B8A2-F46AE353D332}.Release|Any CPU.Build.0 = Release|Any CPU
	EndGlobalSection
	GlobalSection(NestedProjects) = preSolution
		{E9675AB3-4C1F-41B0-A5CA-0FCAD7ECF2D2} = {C4DEC664-5C44-41BB-BA7A-454BBC40800D}
		{1E70C42E-EDFA-44BD-B1AA-34157CF967D6} = {9B39D192-8C0D-46A7-B41F-8751A18A0ECF}
		{D6C44DCD-399F-48BC-B81A-85EC1A071EB5} = {9B39D192-8C0D-46A7-B41F-8751A18A0ECF}
		{9A77BCDD-3A15-450E-86EC-68833CAB21AC} = {AE07FC1A-F1F4-4C52-9655-2DFFDCD2A37C}
		{C7950946-2970-4B60-B8A2-F46AE353D332} = {AE07FC1A-F1F4-4C52-9655-2DFFDCD2A37C}
	EndGlobalSection
EndGlobal
