
Microsoft Visual Studio Solution File, Format Version 12.00
# Visual Studio Version 16
VisualStudioVersion = 16.0.30114.105
MinimumVisualStudioVersion = 10.0.40219.1
Project("{2150E333-8FDC-42A3-9474-1A3956D46DE8}") = "Algorithms", "Algorithms", "{52403DD6-B631-45FE-B16D-DCBA5C7AFE0A}"
EndProject
Project("{FAE04EC0-301F-11D3-BF4B-00C04F79EFBC}") = "Algorithms", "Algorithms\Algorithms\Algorithms.csproj", "{2C83C1F7-816E-4906-8BA9-0F371B0BDC58}"
EndProject
Project("{FAE04EC0-301F-11D3-BF4B-00C04F79EFBC}") = "Sorting", "Algorithms\Sorting\Sorting.csproj", "{1075F54D-23B6-40C2-B01F-ACBE60FBF51A}"
EndProject
Project("{2150E333-8FDC-42A3-9474-1A3956D46DE8}") = "DataStructures", "DataStructures", "{38E8D9BB-4522-4F82-823A-BBB3580BE7E4}"
EndProject
Project("{FAE04EC0-301F-11D3-BF4B-00C04F79EFBC}") = "DataStructures", "DataStructures\DataStructures\DataStructures.csproj", "{32F7AB4A-702A-44EC-AC32-081332BB5642}"
EndProject
Project("{FAE04EC0-301F-11D3-BF4B-00C04F79EFBC}") = "SearchTrees", "DataStructures\SearchTrees\SearchTrees.csproj", "{7797A40D-BDCC-4065-98F9-69B4C2C391CA}"
EndProject
Project("{FAE04EC0-301F-11D3-BF4B-00C04F79EFBC}") = "Trees", "DataStructures\Trees\Trees.csproj", "{74C521DA-BA49-49F6-8C4E-22CD4BBFF0C7}"
EndProject
Project("{2150E333-8FDC-42A3-9474-1A3956D46DE8}") = "Tests", "Tests", "{D1C334B0-627F-4555-B802-8121B07CDABD}"
EndProject
Project("{FAE04EC0-301F-11D3-BF4B-00C04F79EFBC}") = "Algorithms.Tests", "Tests\Algorithms.Tests\Algorithms.Tests.csproj", "{FC0B1A4D-8CEC-4484-BBCE-0AF159E52F83}"
EndProject
Project("{FAE04EC0-301F-11D3-BF4B-00C04F79EFBC}") = "DataStructures.Tests", "Tests\DataStructures.Tests\DataStructures.Tests.csproj", "{38A616B4-6659-4D10-8872-070F928BEE21}"
EndProject
Project("{2150E333-8FDC-42A3-9474-1A3956D46DE8}") = "LeetCode", "LeetCode", "{AC82A2EB-605B-4644-80EA-3844EEAD3178}"
EndProject
Project("{FAE04EC0-301F-11D3-BF4B-00C04F79EFBC}") = "LeetCode.Solutions", "LeetCode\LeetCode.Solutions\LeetCode.Solutions.csproj", "{CB825977-AEF5-442F-B140-0CE9836C676B}"
EndProject
Project("{FAE04EC0-301F-11D3-BF4B-00C04F79EFBC}") = "LeetCode.Tests", "LeetCode\LeetCode.Tests\LeetCode.Tests.csproj", "{351B040C-371A-4839-8B3C-A4BD1F3D1734}"
EndProject
Project("{FAE04EC0-301F-11D3-BF4B-00C04F79EFBC}") = "LinkedLists", "DataStructures\LinkedLists\LinkedLists.csproj", "{9F303215-E1A4-4063-83AA-BEE8301D96D8}"
EndProject
Global
	GlobalSection(SolutionConfigurationPlatforms) = preSolution
		Debug|Any CPU = Debug|Any CPU
		Release|Any CPU = Release|Any CPU
	EndGlobalSection
	GlobalSection(SolutionProperties) = preSolution
		HideSolutionNode = FALSE
	EndGlobalSection
	GlobalSection(ProjectConfigurationPlatforms) = postSolution
		{2C83C1F7-816E-4906-8BA9-0F371B0BDC58}.Debug|Any CPU.ActiveCfg = Debug|Any CPU
		{2C83C1F7-816E-4906-8BA9-0F371B0BDC58}.Debug|Any CPU.Build.0 = Debug|Any CPU
		{2C83C1F7-816E-4906-8BA9-0F371B0BDC58}.Release|Any CPU.ActiveCfg = Release|Any CPU
		{2C83C1F7-816E-4906-8BA9-0F371B0BDC58}.Release|Any CPU.Build.0 = Release|Any CPU
		{1075F54D-23B6-40C2-B01F-ACBE60FBF51A}.Debug|Any CPU.ActiveCfg = Debug|Any CPU
		{1075F54D-23B6-40C2-B01F-ACBE60FBF51A}.Debug|Any CPU.Build.0 = Debug|Any CPU
		{1075F54D-23B6-40C2-B01F-ACBE60FBF51A}.Release|Any CPU.ActiveCfg = Release|Any CPU
		{1075F54D-23B6-40C2-B01F-ACBE60FBF51A}.Release|Any CPU.Build.0 = Release|Any CPU
		{32F7AB4A-702A-44EC-AC32-081332BB5642}.Debug|Any CPU.ActiveCfg = Debug|Any CPU
		{32F7AB4A-702A-44EC-AC32-081332BB5642}.Debug|Any CPU.Build.0 = Debug|Any CPU
		{32F7AB4A-702A-44EC-AC32-081332BB5642}.Release|Any CPU.ActiveCfg = Release|Any CPU
		{32F7AB4A-702A-44EC-AC32-081332BB5642}.Release|Any CPU.Build.0 = Release|Any CPU
		{7797A40D-BDCC-4065-98F9-69B4C2C391CA}.Debug|Any CPU.ActiveCfg = Debug|Any CPU
		{7797A40D-BDCC-4065-98F9-69B4C2C391CA}.Debug|Any CPU.Build.0 = Debug|Any CPU
		{7797A40D-BDCC-4065-98F9-69B4C2C391CA}.Release|Any CPU.ActiveCfg = Release|Any CPU
		{7797A40D-BDCC-4065-98F9-69B4C2C391CA}.Release|Any CPU.Build.0 = Release|Any CPU
		{74C521DA-BA49-49F6-8C4E-22CD4BBFF0C7}.Debug|Any CPU.ActiveCfg = Debug|Any CPU
		{74C521DA-BA49-49F6-8C4E-22CD4BBFF0C7}.Debug|Any CPU.Build.0 = Debug|Any CPU
		{74C521DA-BA49-49F6-8C4E-22CD4BBFF0C7}.Release|Any CPU.ActiveCfg = Release|Any CPU
		{74C521DA-BA49-49F6-8C4E-22CD4BBFF0C7}.Release|Any CPU.Build.0 = Release|Any CPU
		{FC0B1A4D-8CEC-4484-BBCE-0AF159E52F83}.Debug|Any CPU.ActiveCfg = Debug|Any CPU
		{FC0B1A4D-8CEC-4484-BBCE-0AF159E52F83}.Debug|Any CPU.Build.0 = Debug|Any CPU
		{FC0B1A4D-8CEC-4484-BBCE-0AF159E52F83}.Release|Any CPU.ActiveCfg = Release|Any CPU
		{FC0B1A4D-8CEC-4484-BBCE-0AF159E52F83}.Release|Any CPU.Build.0 = Release|Any CPU
		{38A616B4-6659-4D10-8872-070F928BEE21}.Debug|Any CPU.ActiveCfg = Debug|Any CPU
		{38A616B4-6659-4D10-8872-070F928BEE21}.Debug|Any CPU.Build.0 = Debug|Any CPU
		{38A616B4-6659-4D10-8872-070F928BEE21}.Release|Any CPU.ActiveCfg = Release|Any CPU
		{38A616B4-6659-4D10-8872-070F928BEE21}.Release|Any CPU.Build.0 = Release|Any CPU
		{CB825977-AEF5-442F-B140-0CE9836C676B}.Debug|Any CPU.ActiveCfg = Debug|Any CPU
		{CB825977-AEF5-442F-B140-0CE9836C676B}.Debug|Any CPU.Build.0 = Debug|Any CPU
		{CB825977-AEF5-442F-B140-0CE9836C676B}.Release|Any CPU.ActiveCfg = Release|Any CPU
		{CB825977-AEF5-442F-B140-0CE9836C676B}.Release|Any CPU.Build.0 = Release|Any CPU
		{351B040C-371A-4839-8B3C-A4BD1F3D1734}.Debug|Any CPU.ActiveCfg = Debug|Any CPU
		{351B040C-371A-4839-8B3C-A4BD1F3D1734}.Debug|Any CPU.Build.0 = Debug|Any CPU
		{351B040C-371A-4839-8B3C-A4BD1F3D1734}.Release|Any CPU.ActiveCfg = Release|Any CPU
		{351B040C-371A-4839-8B3C-A4BD1F3D1734}.Release|Any CPU.Build.0 = Release|Any CPU
		{9F303215-E1A4-4063-83AA-BEE8301D96D8}.Debug|Any CPU.ActiveCfg = Debug|Any CPU
		{9F303215-E1A4-4063-83AA-BEE8301D96D8}.Debug|Any CPU.Build.0 = Debug|Any CPU
		{9F303215-E1A4-4063-83AA-BEE8301D96D8}.Release|Any CPU.ActiveCfg = Release|Any CPU
		{9F303215-E1A4-4063-83AA-BEE8301D96D8}.Release|Any CPU.Build.0 = Release|Any CPU
	EndGlobalSection
	GlobalSection(NestedProjects) = preSolution
		{2C83C1F7-816E-4906-8BA9-0F371B0BDC58} = {52403DD6-B631-45FE-B16D-DCBA5C7AFE0A}
		{1075F54D-23B6-40C2-B01F-ACBE60FBF51A} = {52403DD6-B631-45FE-B16D-DCBA5C7AFE0A}
		{32F7AB4A-702A-44EC-AC32-081332BB5642} = {38E8D9BB-4522-4F82-823A-BBB3580BE7E4}
		{7797A40D-BDCC-4065-98F9-69B4C2C391CA} = {38E8D9BB-4522-4F82-823A-BBB3580BE7E4}
		{74C521DA-BA49-49F6-8C4E-22CD4BBFF0C7} = {38E8D9BB-4522-4F82-823A-BBB3580BE7E4}
		{FC0B1A4D-8CEC-4484-BBCE-0AF159E52F83} = {D1C334B0-627F-4555-B802-8121B07CDABD}
		{38A616B4-6659-4D10-8872-070F928BEE21} = {D1C334B0-627F-4555-B802-8121B07CDABD}
		{CB825977-AEF5-442F-B140-0CE9836C676B} = {AC82A2EB-605B-4644-80EA-3844EEAD3178}
		{351B040C-371A-4839-8B3C-A4BD1F3D1734} = {AC82A2EB-605B-4644-80EA-3844EEAD3178}
		{9F303215-E1A4-4063-83AA-BEE8301D96D8} = {38E8D9BB-4522-4F82-823A-BBB3580BE7E4}
	EndGlobalSection
EndGlobal
